
Microsoft Visual Studio Solution File, Format Version 12.00
# Visual Studio Version 16
VisualStudioVersion = 16.0.31112.23
MinimumVisualStudioVersion = 10.0.40219.1
Project("{9A19103F-16F7-4668-BE54-9A1E7A4F7556}") = "HttpComparer", "HttpComparer\HttpComparer.csproj", "{21E48C88-49C9-4194-939A-B228C1278FE9}"
EndProject
Project("{9A19103F-16F7-4668-BE54-9A1E7A4F7556}") = "HttpComparer.Test", "HttpComparer.Test\HttpComparer.Test.csproj", "{91D6248F-8808-4E7D-BB13-CC7B08D68CC5}"
EndProject
Project("{FAE04EC0-301F-11D3-BF4B-00C04F79EFBC}") = "HttpComparer.Console", "HttpComparer.Console\HttpComparer.Console.csproj", "{EEA67BE8-8FA7-48C7-8667-5F45AE72DD07}"
EndProject
Global
	GlobalSection(SolutionConfigurationPlatforms) = preSolution
		Debug|Any CPU = Debug|Any CPU
		Release|Any CPU = Release|Any CPU
	EndGlobalSection
	GlobalSection(ProjectConfigurationPlatforms) = postSolution
		{21E48C88-49C9-4194-939A-B228C1278FE9}.Debug|Any CPU.ActiveCfg = Debug|Any CPU
		{21E48C88-49C9-4194-939A-B228C1278FE9}.Debug|Any CPU.Build.0 = Debug|Any CPU
		{21E48C88-49C9-4194-939A-B228C1278FE9}.Release|Any CPU.ActiveCfg = Release|Any CPU
		{21E48C88-49C9-4194-939A-B228C1278FE9}.Release|Any CPU.Build.0 = Release|Any CPU
		{91D6248F-8808-4E7D-BB13-CC7B08D68CC5}.Debug|Any CPU.ActiveCfg = Debug|Any CPU
		{91D6248F-8808-4E7D-BB13-CC7B08D68CC5}.Debug|Any CPU.Build.0 = Debug|Any CPU
		{91D6248F-8808-4E7D-BB13-CC7B08D68CC5}.Release|Any CPU.ActiveCfg = Release|Any CPU
		{91D6248F-8808-4E7D-BB13-CC7B08D68CC5}.Release|Any CPU.Build.0 = Release|Any CPU
		{EEA67BE8-8FA7-48C7-8667-5F45AE72DD07}.Debug|Any CPU.ActiveCfg = Debug|Any CPU
		{EEA67BE8-8FA7-48C7-8667-5F45AE72DD07}.Debug|Any CPU.Build.0 = Debug|Any CPU
		{EEA67BE8-8FA7-48C7-8667-5F45AE72DD07}.Release|Any CPU.ActiveCfg = Release|Any CPU
		{EEA67BE8-8FA7-48C7-8667-5F45AE72DD07}.Release|Any CPU.Build.0 = Release|Any CPU
	EndGlobalSection
	GlobalSection(SolutionProperties) = preSolution
		HideSolutionNode = FALSE
	EndGlobalSection
	GlobalSection(ExtensibilityGlobals) = postSolution
		SolutionGuid = {F2DCAF1F-864D-4448-A647-042111EA25A6}
	EndGlobalSection
EndGlobal
